Microsoft Visual Studio Solution File, Format Version 12.00
# 17
VisualStudioVersion = 17.11.35222.181
MinimumVisualStudioVersion = 10.0.40219.1
Project("{FAE04EC0-301F-11D3-BF4B-00C04F79EFBC}") = "AspireDaprDemo.AppHost", "AspireDaprDemo.AppHost\AspireDaprDemo.AppHost.csproj", "{BC9E7D3F-BF0C-4EB7-9FDB-79F1F0398DB6}"
EndProject
Project("{9A19103F-16F7-4668-BE54-9A1E7A4F7556}") = "AspireDaprDemo.ServiceDefaults", "AspireDaprDemo.ServiceDefaults\AspireDaprDemo.ServiceDefaults.csproj", "{CECB7B8C-F3F6-4608-9692-697B36D30366}"
EndProject
Project("{2150E333-8FDC-42A3-9474-1A3956D46DE8}") = "AspireDaprDemo.InternalApp", "AspireDaprDemo.InternalApp", "{F8C8EC90-5D9B-4750-87BE-E05A36CB10E5}"
EndProject
Project("{2150E333-8FDC-42A3-9474-1A3956D46DE8}") = "AspireDaprDemo.ExternalApp", "AspireDaprDemo.ExternalApp", "{0C3B7AD0-F2B3-4341-A776-F1A104FD6090}"
EndProject
Project("{2150E333-8FDC-42A3-9474-1A3956D46DE8}") = "AspireDaprDemo.Host", "AspireDaprDemo.Host", "{43A909DA-298B-4FA8-9732-D9620847C3C7}"
EndProject
Project("{2150E333-8FDC-42A3-9474-1A3956D46DE8}") = "AspireDaprDemo.Shared", "AspireDaprDemo.Shared", "{0C6CDE44-4720-4CC9-BB10-5C8FE0E96F00}"
EndProject
Project("{FAE04EC0-301F-11D3-BF4B-00C04F79EFBC}") = "Dto", "Dto\Dto.csproj", "{7F0CFE60-7FFC-451A-91A7-F378DDD225C3}"
EndProject
Project("{2150E333-8FDC-42A3-9474-1A3956D46DE8}") = "BE", "BE", "{3AC0CB11-8255-45A8-A315-2DAC0CB049DE}"
EndProject
Project("{2150E333-8FDC-42A3-9474-1A3956D46DE8}") = "FE", "FE", "{A7205CA2-CE79-41B0-9BAE-070B9C6A43CF}"
EndProject
Project("{2150E333-8FDC-42A3-9474-1A3956D46DE8}") = "BE", "BE", "{741E418B-E9C4-4677-A9DE-6A5C05D6FA6A}"
EndProject
Project("{2150E333-8FDC-42A3-9474-1A3956D46DE8}") = "FE", "FE", "{7C404DB9-4208-4977-9D17-DB21D554F315}"
EndProject
Project("{9A19103F-16F7-4668-BE54-9A1E7A4F7556}") = "Presentation.API", "ExternalApp\Presentation.API\Presentation.API.csproj", "{5D9A7658-A844-4AFE-BD39-806315B80757}"
EndProject
Project("{9A19103F-16F7-4668-BE54-9A1E7A4F7556}") = "UI", "ExternalApp\UI\UI\UI.csproj", "{6BB4919F-6B35-403F-B6FE-7458F7C0E56A}"
EndProject
Project("{9A19103F-16F7-4668-BE54-9A1E7A4F7556}") = "UI.Client", "ExternalApp\UI\UI.Client\UI.Client.csproj", "{38D34CF8-4234-4BDB-B693-9E0E264CAB29}"
EndProject
Project("{9A19103F-16F7-4668-BE54-9A1E7A4F7556}") = "Presentation.Api", "Presentation.Api\Presentation.Api.csproj", "{C21E4112-603D-40F1-8BB2-278EF3E9A647}"
EndProject
Global
	GlobalSection(SolutionConfigurationPlatforms) = preSolution
		Debug|Any CPU = Debug|Any CPU
		Release|Any CPU = Release|Any CPU
	EndGlobalSection
	GlobalSection(ProjectConfigurationPlatforms) = postSolution
		{BC9E7D3F-BF0C-4EB7-9FDB-79F1F0398DB6}.Debug|Any CPU.ActiveCfg = Debug|Any CPU
		{BC9E7D3F-BF0C-4EB7-9FDB-79F1F0398DB6}.Debug|Any CPU.Build.0 = Debug|Any CPU
		{BC9E7D3F-BF0C-4EB7-9FDB-79F1F0398DB6}.Release|Any CPU.ActiveCfg = Release|Any CPU
		{BC9E7D3F-BF0C-4EB7-9FDB-79F1F0398DB6}.Release|Any CPU.Build.0 = Release|Any CPU
		{CECB7B8C-F3F6-4608-9692-697B36D30366}.Debug|Any CPU.ActiveCfg = Debug|Any CPU
		{CECB7B8C-F3F6-4608-9692-697B36D30366}.Debug|Any CPU.Build.0 = Debug|Any CPU
		{CECB7B8C-F3F6-4608-9692-697B36D30366}.Release|Any CPU.ActiveCfg = Release|Any CPU
		{CECB7B8C-F3F6-4608-9692-697B36D30366}.Release|Any CPU.Build.0 = Release|Any CPU
		{7F0CFE60-7FFC-451A-91A7-F378DDD225C3}.Debug|Any CPU.ActiveCfg = Debug|Any CPU
		{7F0CFE60-7FFC-451A-91A7-F378DDD225C3}.Debug|Any CPU.Build.0 = Debug|Any CPU
		{7F0CFE60-7FFC-451A-91A7-F378DDD225C3}.Release|Any CPU.ActiveCfg = Release|Any CPU
		{7F0CFE60-7FFC-451A-91A7-F378DDD225C3}.Release|Any CPU.Build.0 = Release|Any CPU
		{5D9A7658-A844-4AFE-BD39-806315B80757}.Debug|Any CPU.ActiveCfg = Debug|Any CPU
		{5D9A7658-A844-4AFE-BD39-806315B80757}.Debug|Any CPU.Build.0 = Debug|Any CPU
		{5D9A7658-A844-4AFE-BD39-806315B80757}.Release|Any CPU.ActiveCfg = Release|Any CPU
		{5D9A7658-A844-4AFE-BD39-806315B80757}.Release|Any CPU.Build.0 = Release|Any CPU
		{6BB4919F-6B35-403F-B6FE-7458F7C0E56A}.Debug|Any CPU.ActiveCfg = Debug|Any CPU
		{6BB4919F-6B35-403F-B6FE-7458F7C0E56A}.Debug|Any CPU.Build.0 = Debug|Any CPU
		{6BB4919F-6B35-403F-B6FE-7458F7C0E56A}.Release|Any CPU.ActiveCfg = Release|Any CPU
		{6BB4919F-6B35-403F-B6FE-7458F7C0E56A}.Release|Any CPU.Build.0 = Release|Any CPU
		{38D34CF8-4234-4BDB-B693-9E0E264CAB29}.Debug|Any CPU.ActiveCfg = Debug|Any CPU
		{38D34CF8-4234-4BDB-B693-9E0E264CAB29}.Debug|Any CPU.Build.0 = Debug|Any CPU
		{38D34CF8-4234-4BDB-B693-9E0E264CAB29}.Release|Any CPU.ActiveCfg = Release|Any CPU
		{38D34CF8-4234-4BDB-B693-9E0E264CAB29}.Release|Any CPU.Build.0 = Release|Any CPU
		{C21E4112-603D-40F1-8BB2-278EF3E9A647}.Debug|Any CPU.ActiveCfg = Debug|Any CPU
		{C21E4112-603D-40F1-8BB2-278EF3E9A647}.Debug|Any CPU.Build.0 = Debug|Any CPU
		{C21E4112-603D-40F1-8BB2-278EF3E9A647}.Release|Any CPU.ActiveCfg = Release|Any CPU
		{C21E4112-603D-40F1-8BB2-278EF3E9A647}.Release|Any CPU.Build.0 = Release|Any CPU
	EndGlobalSection
	GlobalSection(SolutionProperties) = preSolution
		HideSolutionNode = FALSE
	EndGlobalSection
	GlobalSection(NestedProjects) = preSolution
		{BC9E7D3F-BF0C-4EB7-9FDB-79F1F0398DB6} = {43A909DA-298B-4FA8-9732-D9620847C3C7}
		{CECB7B8C-F3F6-4608-9692-697B36D30366} = {43A909DA-298B-4FA8-9732-D9620847C3C7}
		{7F0CFE60-7FFC-451A-91A7-F378DDD225C3} = {0C6CDE44-4720-4CC9-BB10-5C8FE0E96F00}
		{3AC0CB11-8255-45A8-A315-2DAC0CB049DE} = {0C3B7AD0-F2B3-4341-A776-F1A104FD6090}
		{A7205CA2-CE79-41B0-9BAE-070B9C6A43CF} = {0C3B7AD0-F2B3-4341-A776-F1A104FD6090}
		{741E418B-E9C4-4677-A9DE-6A5C05D6FA6A} = {F8C8EC90-5D9B-4750-87BE-E05A36CB10E5}
		{7C404DB9-4208-4977-9D17-DB21D554F315} = {F8C8EC90-5D9B-4750-87BE-E05A36CB10E5}
		{5D9A7658-A844-4AFE-BD39-806315B80757} = {3AC0CB11-8255-45A8-A315-2DAC0CB049DE}
		{6BB4919F-6B35-403F-B6FE-7458F7C0E56A} = {A7205CA2-CE79-41B0-9BAE-070B9C6A43CF}
		{38D34CF8-4234-4BDB-B693-9E0E264CAB29} = {A7205CA2-CE79-41B0-9BAE-070B9C6A43CF}
		{C21E4112-603D-40F1-8BB2-278EF3E9A647} = {741E418B-E9C4-4677-A9DE-6A5C05D6FA6A}
	EndGlobalSection
	GlobalSection(ExtensibilityGlobals) = postSolution
		SolutionGuid = {E4D84C6A-5FFB-4200-B0FB-B8F6FBB07382}
	EndGlobalSection
EndGlobal
